
Microsoft Visual Studio Solution File, Format Version 12.00
# Visual Studio Version 17
VisualStudioVersion = 17.10.35013.160
MinimumVisualStudioVersion = 10.0.40219.1
Project("{FAE04EC0-301F-11D3-BF4B-00C04F79EFBC}") = "HomeWork_Seminar_9", "HomeWork_Seminar_9.csproj", "{4B7E3D99-778B-4E55-9360-B9D38410B89A}"
EndProject
Global
	GlobalSection(SolutionConfigurationPlatforms) = preSolution
		Debug|Any CPU = Debug|Any CPU
		Release|Any CPU = Release|Any CPU
	EndGlobalSection
	GlobalSection(ProjectConfigurationPlatforms) = postSolution
		{4B7E3D99-778B-4E55-9360-B9D38410B89A}.Debug|Any CPU.ActiveCfg = Debug|Any CPU
		{4B7E3D99-778B-4E55-9360-B9D38410B89A}.Debug|Any CPU.Build.0 = Debug|Any CPU
		{4B7E3D99-778B-4E55-9360-B9D38410B89A}.Release|Any CPU.ActiveCfg = Release|Any CPU
		{4B7E3D99-778B-4E55-9360-B9D38410B89A}.Release|Any CPU.Build.0 = Release|Any CPU
	EndGlobalSection
	GlobalSection(SolutionProperties) = preSolution
		HideSolutionNode = FALSE
	EndGlobalSection
	GlobalSection(ExtensibilityGlobals) = postSolution
		SolutionGuid = {E54209EB-476C-42F5-ABEA-A8C881A1DE59}
	EndGlobalSection
EndGlobal
